// !$*UTF8*$!
{
	archiveVersion = 1;
	classes = {
	};
	objectVersion = 77;
	objects = {

/* Begin PBXBuildFile section */
		5C23B3A80263B84103AA1E3C /* MagikeysApp.swift in Sources */ = {isa = PBXBuildFile; fileRef = E3F4E5D79BE5E9D0E847D2F3 /* MagikeysApp.swift */; };
		8C5B4E7ED65EC9F11BEAB7B4 /* MagikeysUITests.swift in Sources */ = {isa = PBXBuildFile; fileRef = E234EAC8383C5A59B891450E /* MagikeysUITests.swift */; };
		F3EEEAEE21E89B8B602D9C54 /* MagikeysKit in Frameworks */ = {isa = PBXBuildFile; productRef = 46BADF4902DBC12FD3E78F4A /* MagikeysKit */; };
/* End PBXBuildFile section */

/* Begin PBXContainerItemProxy section */
		18CD2A56D3C6EDE3A5F76770 /* PBXContainerItemProxy */ = {
			isa = PBXContainerItemProxy;
			containerPortal = AAB9E3924FE2FC16A0C27AD1 /* Project object */;
			proxyType = 1;
			remoteGlobalIDString = 9FB31A45B22B949421849CC4;
			remoteInfo = Magikeys;
		};
/* End PBXContainerItemProxy section */

/* Begin PBXFileReference section */
		2EA68E18A56CE76C949BCBDC /* magikeys */ = {isa = PBXFileReference; lastKnownFileType = folder; name = magikeys; path = .; sourceTree = SOURCE_ROOT; };
		782FF3F866AA0DB2EC96CF1E /* MagikeysUITests.xctest */ = {isa = PBXFileReference; explicitFileType = wrapper.cfbundle; includeInIndex = 0; path = MagikeysUITests.xctest; sourceTree = BUILT_PRODUCTS_DIR; };
		C0B92F6B9E2221264D7419B7 /* Magikeys.app */ = {isa = PBXFileReference; explicitFileType = wrapper.application; includeInIndex = 0; path = Magikeys.app; sourceTree = BUILT_PRODUCTS_DIR; };
		E234EAC8383C5A59B891450E /* MagikeysUITests.swift */ = {isa = PBXFileReference; lastKnownFileType = sourcecode.swift; path = MagikeysUITests.swift; sourceTree = "<group>"; };
		E3F4E5D79BE5E9D0E847D2F3 /* MagikeysApp.swift */ = {isa = PBXFileReference; lastKnownFileType = sourcecode.swift; path = MagikeysApp.swift; sourceTree = "<group>"; };
/* End PBXFileReference section */

/* Begin PBXFrameworksBuildPhase section */
		1C5D750AD77B1AAD5EF2FFBA /* Frameworks */ = {
			isa = PBXFrameworksBuildPhase;
			buildActionMask = 2147483647;
			files = (
				F3EEEAEE21E89B8B602D9C54 /* MagikeysKit in Frameworks */,
			);
			runOnlyForDeploymentPostprocessing = 0;
		};
/* End PBXFrameworksBuildPhase section */

/* Begin PBXGroup section */
		2C5E36D8DA8B4DB2BB96B77D /* Products */ = {
			isa = PBXGroup;
			children = (
				C0B92F6B9E2221264D7419B7 /* Magikeys.app */,
				782FF3F866AA0DB2EC96CF1E /* MagikeysUITests.xctest */,
			);
			name = Products;
			sourceTree = "<group>";
		};
		2E98F4133FF32FC7597ED9AC /* Tests */ = {
			isa = PBXGroup;
			children = (
				E0E836114F6C9DC1000A2676 /* MagikeysUITests */,
			);
			path = Tests;
			sourceTree = "<group>";
		};
		6AF851AC20495C9AEE869D3B /* Sources */ = {
			isa = PBXGroup;
			children = (
				71D95326D5C04AE176B86365 /* Magikeys */,
			);
			path = Sources;
			sourceTree = "<group>";
		};
		71D95326D5C04AE176B86365 /* Magikeys */ = {
			isa = PBXGroup;
			children = (
				C16BF7BEF4F5264B883F7C27 /* App */,
			);
			path = Magikeys;
			sourceTree = "<group>";
		};
		A43828F6BF1C3C41D76FE23A = {
			isa = PBXGroup;
			children = (
				ECE142CED9600BD3B0BB3577 /* Packages */,
				6AF851AC20495C9AEE869D3B /* Sources */,
				2E98F4133FF32FC7597ED9AC /* Tests */,
				2C5E36D8DA8B4DB2BB96B77D /* Products */,
			);
			sourceTree = "<group>";
		};
		C16BF7BEF4F5264B883F7C27 /* App */ = {
			isa = PBXGroup;
			children = (
				E3F4E5D79BE5E9D0E847D2F3 /* MagikeysApp.swift */,
			);
			path = App;
			sourceTree = "<group>";
		};
		E0E836114F6C9DC1000A2676 /* MagikeysUITests */ = {
			isa = PBXGroup;
			children = (
				E234EAC8383C5A59B891450E /* MagikeysUITests.swift */,
			);
			path = MagikeysUITests;
			sourceTree = "<group>";
		};
		ECE142CED9600BD3B0BB3577 /* Packages */ = {
			isa = PBXGroup;
			children = (
				2EA68E18A56CE76C949BCBDC /* magikeys */,
			);
			name = Packages;
			sourceTree = "<group>";
		};
/* End PBXGroup section */

/* Begin PBXNativeTarget section */
		73B50E0928A552FDF7AA2F2B /* MagikeysUITests */ = {
			isa = PBXNativeTarget;
			buildConfigurationList = 788A73EE3648FCBB59D271CD /* Build configuration list for PBXNativeTarget "MagikeysUITests" */;
			buildPhases = (
				E5A8BF00D4D76DFFB2823BAF /* Sources */,
			);
			buildRules = (
			);
			dependencies = (
				ADDB4E9D4F38699FEB12E725 /* PBXTargetDependency */,
			);
			name = MagikeysUITests;
			packageProductDependencies = (
			);
			productName = MagikeysUITests;
			productReference = 782FF3F866AA0DB2EC96CF1E /* MagikeysUITests.xctest */;
			productType = "com.apple.product-type.bundle.ui-testing";
		};
		9FB31A45B22B949421849CC4 /* Magikeys */ = {
			isa = PBXNativeTarget;
			buildConfigurationList = 9357004783B461C6D066A688 /* Build configuration list for PBXNativeTarget "Magikeys" */;
			buildPhases = (
				AD226711C1CBEB81578038B9 /* Sources */,
				1C5D750AD77B1AAD5EF2FFBA /* Frameworks */,
			);
			buildRules = (
			);
			dependencies = (
			);
			name = Magikeys;
			packageProductDependencies = (
				46BADF4902DBC12FD3E78F4A /* MagikeysKit */,
			);
			productName = Magikeys;
			productReference = C0B92F6B9E2221264D7419B7 /* Magikeys.app */;
			productType = "com.apple.product-type.application";
		};
/* End PBXNativeTarget section */

/* Begin PBXProject section */
		AAB9E3924FE2FC16A0C27AD1 /* Project object */ = {
			isa = PBXProject;
			attributes = {
				BuildIndependentTargetsInParallel = YES;
				LastUpgradeCheck = 1600;
				TargetAttributes = {
					73B50E0928A552FDF7AA2F2B = {
						ProvisioningStyle = Manual;
						TestTargetID = 9FB31A45B22B949421849CC4;
					};
					9FB31A45B22B949421849CC4 = {
						ProvisioningStyle = Manual;
					};
				};
			};
			buildConfigurationList = B00090EE03D5A98C9ADCDF1A /* Build configuration list for PBXProject "Magikeys" */;
			compatibilityVersion = "Xcode 14.0";
			developmentRegion = en;
			hasScannedForEncodings = 0;
			knownRegions = (
				Base,
				en,
			);
			mainGroup = A43828F6BF1C3C41D76FE23A;
			minimizedProjectReferenceProxies = 1;
			packageReferences = (
				C9F4A7C64EE4F53F0F15D17D /* XCLocalSwiftPackageReference "." */,
			);
			preferredProjectObjectVersion = 77;
			projectDirPath = "";
			projectRoot = "";
			targets = (
				9FB31A45B22B949421849CC4 /* Magikeys */,
				73B50E0928A552FDF7AA2F2B /* MagikeysUITests */,
			);
		};
/* End PBXProject section */

/* Begin PBXSourcesBuildPhase section */
		AD226711C1CBEB81578038B9 /* Sources */ = {
			isa = PBXSourcesBuildPhase;
			buildActionMask = 2147483647;
			files = (
				5C23B3A80263B84103AA1E3C /* MagikeysApp.swift in Sources */,
			);
			runOnlyForDeploymentPostprocessing = 0;
		};
		E5A8BF00D4D76DFFB2823BAF /* Sources */ = {
			isa = PBXSourcesBuildPhase;
			buildActionMask = 2147483647;
			files = (
				8C5B4E7ED65EC9F11BEAB7B4 /* MagikeysUITests.swift in Sources */,
			);
			runOnlyForDeploymentPostprocessing = 0;
		};
/* End PBXSourcesBuildPhase section */

/* Begin PBXTargetDependency section */
		ADDB4E9D4F38699FEB12E725 /* PBXTargetDependency */ = {
			isa = PBXTargetDependency;
			target = 9FB31A45B22B949421849CC4 /* Magikeys */;
			targetProxy = 18CD2A56D3C6EDE3A5F76770 /* PBXContainerItemProxy */;
		};
/* End PBXTargetDependency section */

/* Begin XCBuildConfiguration section */
		0244FA4D48A04B3EC3533483 /* Release */ = {
			isa = XCBuildConfiguration;
			buildSettings = {
				ALWAYS_SEARCH_USER_PATHS = NO;
				CLANG_ANALYZER_NONNULL = YES;
				CLANG_ANALYZER_NUMBER_OBJECT_CONVERSION = YES_AGGRESSIVE;
				CLANG_CXX_LANGUAGE_STANDARD = "gnu++14";
				CLANG_CXX_LIBRARY = "libc++";
				CLANG_ENABLE_MODULES = YES;
				CLANG_ENABLE_OBJC_ARC = YES;
				CLANG_ENABLE_OBJC_WEAK = YES;
				CLANG_WARN_BLOCK_CAPTURE_AUTORELEASING = YES;
				CLANG_WARN_BOOL_CONVERSION = YES;
				CLANG_WARN_COMMA = YES;
				CLANG_WARN_CONSTANT_CONVERSION = YES;
				CLANG_WARN_DEPRECATED_OBJC_IMPLEMENTATIONS = YES;
				CLANG_WARN_DIRECT_OBJC_ISA_USAGE = YES_ERROR;
				CLANG_WARN_DOCUMENTATION_COMMENTS = YES;
				CLANG_WARN_EMPTY_BODY = YES;
				CLANG_WARN_ENUM_CONVERSION = YES;
				CLANG_WARN_INFINITE_RECURSION = YES;
				CLANG_WARN_INT_CONVERSION = YES;
				CLANG_WARN_NON_LITERAL_NULL_CONVERSION = YES;
				CLANG_WARN_OBJC_IMPLICIT_RETAIN_SELF = YES;
				CLANG_WARN_OBJC_LITERAL_CONVERSION = YES;
				CLANG_WARN_OBJC_ROOT_CLASS = YES_ERROR;
				CLANG_WARN_QUOTED_INCLUDE_IN_FRAMEWORK_HEADER = YES;
				CLANG_WARN_RANGE_LOOP_ANALYSIS = YES;
				CLANG_WARN_STRICT_PROTOTYPES = YES;
				CLANG_WARN_SUSPICIOUS_MOVE = YES;
				CLANG_WARN_UNGUARDED_AVAILABILITY = YES_AGGRESSIVE;
				CLANG_WARN_UNREACHABLE_CODE = YES;
				CLANG_WARN__DUPLICATE_METHOD_MATCH = YES;
				CODE_SIGN_IDENTITY = "-";
				COPY_PHASE_STRIP = NO;
				DEBUG_INFORMATION_FORMAT = "dwarf-with-dsym";
				ENABLE_NS_ASSERTIONS = NO;
				ENABLE_STRICT_OBJC_MSGSEND = YES;
				ENABLE_USER_SCRIPT_SANDBOXING = NO;
				GCC_C_LANGUAGE_STANDARD = gnu11;
				GCC_NO_COMMON_BLOCKS = YES;
				GCC_WARN_64_TO_32_BIT_CONVERSION = YES;
				GCC_WARN_ABOUT_RETURN_TYPE = YES_ERROR;
				GCC_WARN_UNDECLARED_SELECTOR = YES;
				GCC_WARN_UNINITIALIZED_AUTOS = YES_AGGRESSIVE;
				GCC_WARN_UNUSED_FUNCTION = YES;
				GCC_WARN_UNUSED_VARIABLE = YES;
				MACOSX_DEPLOYMENT_TARGET = 15.0;
				MTL_ENABLE_DEBUG_INFO = NO;
				MTL_FAST_MATH = YES;
				PRODUCT_NAME = "$(TARGET_NAME)";
				SDKROOT = macosx;
				SWIFT_COMPILATION_MODE = wholemodule;
				SWIFT_OPTIMIZATION_LEVEL = "-O";
				SWIFT_STRICT_CONCURRENCY = complete;
				SWIFT_VERSION = 6.0;
			};
			name = Release;
		};
		077457E992149B4CDE4A93B4 /* Release */ = {
			isa = XCBuildConfiguration;
			buildSettings = {
				BUNDLE_LOADER = "$(TEST_HOST)";
				CODE_SIGN_STYLE = Manual;
				COMBINE_HIDPI_IMAGES = YES;
				GENERATE_INFOPLIST_FILE = YES;
				LD_RUNPATH_SEARCH_PATHS = (
					"$(inherited)",
					"@executable_path/Frameworks",
					"@loader_path/Frameworks",
				);
				PRODUCT_BUNDLE_IDENTIFIER = com.magikeys.uitests;
				SDKROOT = macosx;
				TEST_TARGET_NAME = Magikeys;
			};
			name = Release;
		};
		09BBC6A91BBD7A3DE390F444 /* Debug */ = {
			isa = XCBuildConfiguration;
			buildSettings = {
				ALWAYS_SEARCH_USER_PATHS = NO;
				CLANG_ANALYZER_NONNULL = YES;
				CLANG_ANALYZER_NUMBER_OBJECT_CONVERSION = YES_AGGRESSIVE;
				CLANG_CXX_LANGUAGE_STANDARD = "gnu++14";
				CLANG_CXX_LIBRARY = "libc++";
				CLANG_ENABLE_MODULES = YES;
				CLANG_ENABLE_OBJC_ARC = YES;
				CLANG_ENABLE_OBJC_WEAK = YES;
				CLANG_WARN_BLOCK_CAPTURE_AUTORELEASING = YES;
				CLANG_WARN_BOOL_CONVERSION = YES;
				CLANG_WARN_COMMA = YES;
				CLANG_WARN_CONSTANT_CONVERSION = YES;
				CLANG_WARN_DEPRECATED_OBJC_IMPLEMENTATIONS = YES;
				CLANG_WARN_DIRECT_OBJC_ISA_USAGE = YES_ERROR;
				CLANG_WARN_DOCUMENTATION_COMMENTS = YES;
				CLANG_WARN_EMPTY_BODY = YES;
				CLANG_WARN_ENUM_CONVERSION = YES;
				CLANG_WARN_INFINITE_RECURSION = YES;
				CLANG_WARN_INT_CONVERSION = YES;
				CLANG_WARN_NON_LITERAL_NULL_CONVERSION = YES;
				CLANG_WARN_OBJC_IMPLICIT_RETAIN_SELF = YES;
				CLANG_WARN_OBJC_LITERAL_CONVERSION = YES;
				CLANG_WARN_OBJC_ROOT_CLASS = YES_ERROR;
				CLANG_WARN_QUOTED_INCLUDE_IN_FRAMEWORK_HEADER = YES;
				CLANG_WARN_RANGE_LOOP_ANALYSIS = YES;
				CLANG_WARN_STRICT_PROTOTYPES = YES;
				CLANG_WARN_SUSPICIOUS_MOVE = YES;
				CLANG_WARN_UNGUARDED_AVAILABILITY = YES_AGGRESSIVE;
				CLANG_WARN_UNREACHABLE_CODE = YES;
				CLANG_WARN__DUPLICATE_METHOD_MATCH = YES;
				CODE_SIGN_IDENTITY = "-";
				COPY_PHASE_STRIP = NO;
				DEBUG_INFORMATION_FORMAT = dwarf;
				ENABLE_STRICT_OBJC_MSGSEND = YES;
				ENABLE_TESTABILITY = YES;
				ENABLE_USER_SCRIPT_SANDBOXING = NO;
				GCC_C_LANGUAGE_STANDARD = gnu11;
				GCC_DYNAMIC_NO_PIC = NO;
				GCC_NO_COMMON_BLOCKS = YES;
				GCC_OPTIMIZATION_LEVEL = 0;
				GCC_PREPROCESSOR_DEFINITIONS = (
					"$(inherited)",
					"DEBUG=1",
				);
				GCC_WARN_64_TO_32_BIT_CONVERSION = YES;
				GCC_WARN_ABOUT_RETURN_TYPE = YES_ERROR;
				GCC_WARN_UNDECLARED_SELECTOR = YES;
				GCC_WARN_UNINITIALIZED_AUTOS = YES_AGGRESSIVE;
				GCC_WARN_UNUSED_FUNCTION = YES;
				GCC_WARN_UNUSED_VARIABLE = YES;
				MACOSX_DEPLOYMENT_TARGET = 15.0;
				MTL_ENABLE_DEBUG_INFO = INCLUDE_SOURCE;
				MTL_FAST_MATH = YES;
				ONLY_ACTIVE_ARCH = YES;
				PRODUCT_NAME = "$(TARGET_NAME)";
				SDKROOT = macosx;
				SWIFT_ACTIVE_COMPILATION_CONDITIONS = DEBUG;
				SWIFT_OPTIMIZATION_LEVEL = "-Onone";
				SWIFT_STRICT_CONCURRENCY = complete;
				SWIFT_VERSION = 6.0;
			};
			name = Debug;
		};
		0E230B4192A9FC3160553DC2 /* Debug */ = {
			isa = XCBuildConfiguration;
			buildSettings = {
				ASSETCATALOG_COMPILER_APPICON_NAME = AppIcon;
				CODE_SIGN_ENTITLEMENTS = Resources/Magikeys.entitlements;
				CODE_SIGN_STYLE = Manual;
				COMBINE_HIDPI_IMAGES = YES;
				CURRENT_PROJECT_VERSION = 1;
				ENABLE_TESTING_SEARCH_PATHS = YES;
				INFOPLIST_FILE = Resources/Info.plist;
				LD_RUNPATH_SEARCH_PATHS = (
					"$(inherited)",
					"@executable_path/../Frameworks",
				);
				MARKETING_VERSION = 1.0.0;
				PRODUCT_BUNDLE_IDENTIFIER = com.magikeys.app;
				PRODUCT_NAME = Magikeys;
				SDKROOT = macosx;
			};
			name = Debug;
		};
		3F24F91EBE8193EE5FF0A0DA /* Release */ = {
			isa = XCBuildConfiguration;
			buildSettings = {
				ASSETCATALOG_COMPILER_APPICON_NAME = AppIcon;
				CODE_SIGN_ENTITLEMENTS = Resources/Magikeys.entitlements;
				CODE_SIGN_STYLE = Manual;
				COMBINE_HIDPI_IMAGES = YES;
				CURRENT_PROJECT_VERSION = 1;
				ENABLE_TESTING_SEARCH_PATHS = YES;
				INFOPLIST_FILE = Resources/Info.plist;
				LD_RUNPATH_SEARCH_PATHS = (
					"$(inherited)",
					"@executable_path/../Frameworks",
				);
				MARKETING_VERSION = 1.0.0;
				PRODUCT_BUNDLE_IDENTIFIER = com.magikeys.app;
				PRODUCT_NAME = Magikeys;
				SDKROOT = macosx;
			};
			name = Release;
		};
		97B49C500F13AD5C4AB83F0C /* Debug */ = {
			isa = XCBuildConfiguration;
			buildSettings = {
				BUNDLE_LOADER = "$(TEST_HOST)";
				CODE_SIGN_STYLE = Manual;
				COMBINE_HIDPI_IMAGES = YES;
				GENERATE_INFOPLIST_FILE = YES;
				LD_RUNPATH_SEARCH_PATHS = (
					"$(inherited)",
					"@executable_path/Frameworks",
					"@loader_path/Frameworks",
				);
				PRODUCT_BUNDLE_IDENTIFIER = com.magikeys.uitests;
				SDKROOT = macosx;
				TEST_TARGET_NAME = Magikeys;
			};
			name = Debug;
		};
/* End XCBuildConfiguration section */

/* Begin XCConfigurationList section */
		788A73EE3648FCBB59D271CD /* Build configuration list for PBXNativeTarget "MagikeysUITests" */ = {
			isa = XCConfigurationList;
			buildConfigurations = (
				97B49C500F13AD5C4AB83F0C /* Debug */,
				077457E992149B4CDE4A93B4 /* Release */,
			);
			defaultConfigurationIsVisible = 0;
			defaultConfigurationName = Debug;
		};
		9357004783B461C6D066A688 /* Build configuration list for PBXNativeTarget "Magikeys" */ = {
			isa = XCConfigurationList;
			buildConfigurations = (
				0E230B4192A9FC3160553DC2 /* Debug */,
				3F24F91EBE8193EE5FF0A0DA /* Release */,
			);
			defaultConfigurationIsVisible = 0;
			defaultConfigurationName = Debug;
		};
		B00090EE03D5A98C9ADCDF1A /* Build configuration list for PBXProject "Magikeys" */ = {
			isa = XCConfigurationList;
			buildConfigurations = (
				09BBC6A91BBD7A3DE390F444 /* Debug */,
				0244FA4D48A04B3EC3533483 /* Release */,
			);
			defaultConfigurationIsVisible = 0;
			defaultConfigurationName = Debug;
		};
/* End XCConfigurationList section */

/* Begin XCLocalSwiftPackageReference section */
		C9F4A7C64EE4F53F0F15D17D /* XCLocalSwiftPackageReference "." */ = {
			isa = XCLocalSwiftPackageReference;
			relativePath = .;
		};
/* End XCLocalSwiftPackageReference section */

/* Begin XCSwiftPackageProductDependency section */
		46BADF4902DBC12FD3E78F4A /* MagikeysKit */ = {
			isa = XCSwiftPackageProductDependency;
			package = C9F4A7C64EE4F53F0F15D17D /* XCLocalSwiftPackageReference "." */;
			productName = MagikeysKit;
		};
/* End XCSwiftPackageProductDependency section */
	};
	rootObject = AAB9E3924FE2FC16A0C27AD1 /* Project object */;
}
